
Microsoft Visual Studio Solution File, Format Version 12.00
# Visual Studio Version 16
VisualStudioVersion = 16.0.32002.261
MinimumVisualStudioVersion = 10.0.40219.1
Project("{FAE04EC0-301F-11D3-BF4B-00C04F79EFBC}") = "mastermind", "mastermind\mastermind.csproj", "{67F0F580-7C1F-48DB-BE03-DE273C78DFCF}"
EndProject
Global
	GlobalSection(SolutionConfigurationPlatforms) = preSolution
		Debug|Any CPU = Debug|Any CPU
		Release|Any CPU = Release|Any CPU
	EndGlobalSection
	GlobalSection(ProjectConfigurationPlatforms) = postSolution
		{67F0F580-7C1F-48DB-BE03-DE273C78DFCF}.Debug|Any CPU.ActiveCfg = Debug|Any CPU
		{67F0F580-7C1F-48DB-BE03-DE273C78DFCF}.Debug|Any CPU.Build.0 = Debug|Any CPU
		{67F0F580-7C1F-48DB-BE03-DE273C78DFCF}.Release|Any CPU.ActiveCfg = Release|Any CPU
		{67F0F580-7C1F-48DB-BE03-DE273C78DFCF}.Release|Any CPU.Build.0 = Release|Any CPU
	EndGlobalSection
	GlobalSection(SolutionProperties) = preSolution
		HideSolutionNode = FALSE
	EndGlobalSection
	GlobalSection(ExtensibilityGlobals) = postSolution
		SolutionGuid = {6E7C0B2C-BC2A-403F-91A4-76E13B38A0A6}
	EndGlobalSection
EndGlobal
